# THIS IS AN AUTOGENERATED FILE. DO NOT EDIT THIS FILE DIRECTLY.
# yarn lockfile v1


babel-plugin-date-fns@^2.0.0:
  version "2.0.0"
  resolved "https://registry.yarnpkg.com/babel-plugin-date-fns/-/babel-plugin-date-fns-2.0.0.tgz#56074f1b4659c3b1208b5d156d4f51612d7af620"
  integrity sha512-MbsQzEgglAIBZLQbKQDgMUgFDwf7sSHXgaWRXowiEVs1B+eiBge4JnhBQtIaHIVLE9QmXfDQbb18oggvP7KSFQ==
